
Microsoft Visual Studio Solution File, Format Version 12.00
# Visual Studio Version 16
VisualStudioVersion = 16.0.30621.155
MinimumVisualStudioVersion = 10.0.40219.1
Project("{FAE04EC0-301F-11D3-BF4B-00C04F79EFBC}") = "BoardBrowser", "BoardBrowser\BoardBrowser.csproj", "{798305E9-0375-43E3-8364-B08EE21DD88D}"
EndProject
Project("{FAE04EC0-301F-11D3-BF4B-00C04F79EFBC}") = "BoardBrowser.Tests", "BoardBrowser.Tests\BoardBrowser.Tests.csproj", "{FECEFFA4-B819-4D7D-996F-48C866193A04}"
EndProject
Project("{FAE04EC0-301F-11D3-BF4B-00C04F79EFBC}") = "BoardBrowser.Data", "ClassLibrary1\BoardBrowser.Data.csproj", "{B6949ECB-B000-448F-9FB4-313882E3D1E6}"
EndProject
Project("{FAE04EC0-301F-11D3-BF4B-00C04F79EFBC}") = "BoardBrowser.Contracts", "b\BoardBrowser.Contracts.csproj", "{AE44C981-9D20-43DE-8D95-F1560012E70F}"
EndProject
Project("{FAE04EC0-301F-11D3-BF4B-00C04F79EFBC}") = "BoardBrowser.Service", "ClassLibrary2\BoardBrowser.Service.csproj", "{1AD20AE7-2E98-4372-8FF5-1C2E07F30D11}"
EndProject
Project("{FAE04EC0-301F-11D3-BF4B-00C04F79EFBC}") = "BoardBrowser.Models", "ClassLibrary3\BoardBrowser.Models.csproj", "{1F7F432E-C30C-4C1E-A640-8673CDF99841}"
EndProject
Global
	GlobalSection(SolutionConfigurationPlatforms) = preSolution
		Debug|Any CPU = Debug|Any CPU
		Release|Any CPU = Release|Any CPU
	EndGlobalSection
	GlobalSection(ProjectConfigurationPlatforms) = postSolution
		{798305E9-0375-43E3-8364-B08EE21DD88D}.Debug|Any CPU.ActiveCfg = Debug|Any CPU
		{798305E9-0375-43E3-8364-B08EE21DD88D}.Debug|Any CPU.Build.0 = Debug|Any CPU
		{798305E9-0375-43E3-8364-B08EE21DD88D}.Release|Any CPU.ActiveCfg = Release|Any CPU
		{798305E9-0375-43E3-8364-B08EE21DD88D}.Release|Any CPU.Build.0 = Release|Any CPU
		{FECEFFA4-B819-4D7D-996F-48C866193A04}.Debug|Any CPU.ActiveCfg = Debug|Any CPU
		{FECEFFA4-B819-4D7D-996F-48C866193A04}.Debug|Any CPU.Build.0 = Debug|Any CPU
		{FECEFFA4-B819-4D7D-996F-48C866193A04}.Release|Any CPU.ActiveCfg = Release|Any CPU
		{FECEFFA4-B819-4D7D-996F-48C866193A04}.Release|Any CPU.Build.0 = Release|Any CPU
		{B6949ECB-B000-448F-9FB4-313882E3D1E6}.Debug|Any CPU.ActiveCfg = Debug|Any CPU
		{B6949ECB-B000-448F-9FB4-313882E3D1E6}.Debug|Any CPU.Build.0 = Debug|Any CPU
		{B6949ECB-B000-448F-9FB4-313882E3D1E6}.Release|Any CPU.ActiveCfg = Release|Any CPU
		{B6949ECB-B000-448F-9FB4-313882E3D1E6}.Release|Any CPU.Build.0 = Release|Any CPU
		{AE44C981-9D20-43DE-8D95-F1560012E70F}.Debug|Any CPU.ActiveCfg = Debug|Any CPU
		{AE44C981-9D20-43DE-8D95-F1560012E70F}.Debug|Any CPU.Build.0 = Debug|Any CPU
		{AE44C981-9D20-43DE-8D95-F1560012E70F}.Release|Any CPU.ActiveCfg = Release|Any CPU
		{AE44C981-9D20-43DE-8D95-F1560012E70F}.Release|Any CPU.Build.0 = Release|Any CPU
		{1AD20AE7-2E98-4372-8FF5-1C2E07F30D11}.Debug|Any CPU.ActiveCfg = Debug|Any CPU
		{1AD20AE7-2E98-4372-8FF5-1C2E07F30D11}.Debug|Any CPU.Build.0 = Debug|Any CPU
		{1AD20AE7-2E98-4372-8FF5-1C2E07F30D11}.Release|Any CPU.ActiveCfg = Release|Any CPU
		{1AD20AE7-2E98-4372-8FF5-1C2E07F30D11}.Release|Any CPU.Build.0 = Release|Any CPU
		{1F7F432E-C30C-4C1E-A640-8673CDF99841}.Debug|Any CPU.ActiveCfg = Debug|Any CPU
		{1F7F432E-C30C-4C1E-A640-8673CDF99841}.Debug|Any CPU.Build.0 = Debug|Any CPU
		{1F7F432E-C30C-4C1E-A640-8673CDF99841}.Release|Any CPU.ActiveCfg = Release|Any CPU
		{1F7F432E-C30C-4C1E-A640-8673CDF99841}.Release|Any CPU.Build.0 = Release|Any CPU
	EndGlobalSection
	GlobalSection(SolutionProperties) = preSolution
		HideSolutionNode = FALSE
	EndGlobalSection
	GlobalSection(ExtensibilityGlobals) = postSolution
		SolutionGuid = {3A39B6D5-D579-4D63-804C-91E1606F5E14}
	EndGlobalSection
EndGlobal
